// !$*UTF8*$!
{
	archiveVersion = 1;
	classes = {
	};
	objectVersion = 50;
	objects = {

/* Begin PBXBuildFile section */
		8C2206EB249E4E950069EC0B /* AppDelegate.swift in Sources */ = {isa = PBXBuildFile; fileRef = 8C2206EA249E4E950069EC0B /* AppDelegate.swift */; };
		8C2206ED249E4E950069EC0B /* SceneDelegate.swift in Sources */ = {isa = PBXBuildFile; fileRef = 8C2206EC249E4E950069EC0B /* SceneDelegate.swift */; };
		8C2206F2249E4E950069EC0B /* Main.storyboard in Resources */ = {isa = PBXBuildFile; fileRef = 8C2206F0249E4E950069EC0B /* Main.storyboard */; };
		8C2206F4249E4E990069EC0B /* Assets.xcassets in Resources */ = {isa = PBXBuildFile; fileRef = 8C2206F3249E4E990069EC0B /* Assets.xcassets */; };
		8C2206F7249E4E990069EC0B /* LaunchScreen.storyboard in Resources */ = {isa = PBXBuildFile; fileRef = 8C2206F5249E4E990069EC0B /* LaunchScreen.storyboard */; };
		8C220704249E7E1B0069EC0B /* CharactersTableViewController.swift in Sources */ = {isa = PBXBuildFile; fileRef = 8C220703249E7E1B0069EC0B /* CharactersTableViewController.swift */; };
		8C220706249E7E500069EC0B /* PlanetsTableViewController.swift in Sources */ = {isa = PBXBuildFile; fileRef = 8C220705249E7E500069EC0B /* PlanetsTableViewController.swift */; };
		8C220708249E92760069EC0B /* CharacterViewController.swift in Sources */ = {isa = PBXBuildFile; fileRef = 8C220707249E92760069EC0B /* CharacterViewController.swift */; };
		8C22070A249E92890069EC0B /* PlanetViewController.swift in Sources */ = {isa = PBXBuildFile; fileRef = 8C220709249E92890069EC0B /* PlanetViewController.swift */; };
		8C22070C249EAEBC0069EC0B /* Character.swift in Sources */ = {isa = PBXBuildFile; fileRef = 8C22070B249EAEBC0069EC0B /* Character.swift */; };
		8C22070E249EB4C90069EC0B /* Characters.swift in Sources */ = {isa = PBXBuildFile; fileRef = 8C22070D249EB4C90069EC0B /* Characters.swift */; };
		8C321991249F58E4006065E1 /* Planets.swift in Sources */ = {isa = PBXBuildFile; fileRef = 8C321990249F58E4006065E1 /* Planets.swift */; };
		8C321993249F58F7006065E1 /* Planet.swift in Sources */ = {isa = PBXBuildFile; fileRef = 8C321992249F58F7006065E1 /* Planet.swift */; };
		8C321995249F5DA8006065E1 /* LocationsTableViewController.swift in Sources */ = {isa = PBXBuildFile; fileRef = 8C321994249F5DA8006065E1 /* LocationsTableViewController.swift */; };
		8C321997249F5DCC006065E1 /* LocationViewController.swift in Sources */ = {isa = PBXBuildFile; fileRef = 8C321996249F5DCC006065E1 /* LocationViewController.swift */; };
/* End PBXBuildFile section */

/* Begin PBXFileReference section */
		8C2206E7249E4E950069EC0B /* FirstParsingJsonApp.app */ = {isa = PBXFileReference; explicitFileType = wrapper.application; includeInIndex = 0; path = FirstParsingJsonApp.app; sourceTree = BUILT_PRODUCTS_DIR; };
		8C2206EA249E4E950069EC0B /* AppDelegate.swift */ = {isa = PBXFileReference; lastKnownFileType = sourcecode.swift; path = AppDelegate.swift; sourceTree = "<group>"; };
		8C2206EC249E4E950069EC0B /* SceneDelegate.swift */ = {isa = PBXFileReference; lastKnownFileType = sourcecode.swift; path = SceneDelegate.swift; sourceTree = "<group>"; };
		8C2206F1249E4E950069EC0B /* Base */ = {isa = PBXFileReference; lastKnownFileType = file.storyboard; name = Base; path = Base.lproj/Main.storyboard; sourceTree = "<group>"; };
		8C2206F3249E4E990069EC0B /* Assets.xcassets */ = {isa = PBXFileReference; lastKnownFileType = folder.assetcatalog; path = Assets.xcassets; sourceTree = "<group>"; };
		8C2206F6249E4E990069EC0B /* Base */ = {isa = PBXFileReference; lastKnownFileType = file.storyboard; name = Base; path = Base.lproj/LaunchScreen.storyboard; sourceTree = "<group>"; };
		8C2206F8249E4E990069EC0B /* Info.plist */ = {isa = PBXFileReference; lastKnownFileType = text.plist.xml; path = Info.plist; sourceTree = "<group>"; };
		8C220703249E7E1B0069EC0B /* CharactersTableViewController.swift */ = {isa = PBXFileReference; lastKnownFileType = sourcecode.swift; path = CharactersTableViewController.swift; sourceTree = "<group>"; };
		8C220705249E7E500069EC0B /* PlanetsTableViewController.swift */ = {isa = PBXFileReference; lastKnownFileType = sourcecode.swift; path = PlanetsTableViewController.swift; sourceTree = "<group>"; };
		8C220707249E92760069EC0B /* CharacterViewController.swift */ = {isa = PBXFileReference; lastKnownFileType = sourcecode.swift; path = CharacterViewController.swift; sourceTree = "<group>"; };
		8C220709249E92890069EC0B /* PlanetViewController.swift */ = {isa = PBXFileReference; lastKnownFileType = sourcecode.swift; path = PlanetViewController.swift; sourceTree = "<group>"; };
		8C22070B249EAEBC0069EC0B /* Character.swift */ = {isa = PBXFileReference; lastKnownFileType = sourcecode.swift; path = Character.swift; sourceTree = "<group>"; };
		8C22070D249EB4C90069EC0B /* Characters.swift */ = {isa = PBXFileReference; lastKnownFileType = sourcecode.swift; path = Characters.swift; sourceTree = "<group>"; };
		8C321990249F58E4006065E1 /* Planets.swift */ = {isa = PBXFileReference; lastKnownFileType = sourcecode.swift; path = Planets.swift; sourceTree = "<group>"; };
		8C321992249F58F7006065E1 /* Planet.swift */ = {isa = PBXFileReference; lastKnownFileType = sourcecode.swift; path = Planet.swift; sourceTree = "<group>"; };
		8C321994249F5DA8006065E1 /* LocationsTableViewController.swift */ = {isa = PBXFileReference; lastKnownFileType = sourcecode.swift; path = LocationsTableViewController.swift; sourceTree = "<group>"; };
		8C321996249F5DCC006065E1 /* LocationViewController.swift */ = {isa = PBXFileReference; lastKnownFileType = sourcecode.swift; path = LocationViewController.swift; sourceTree = "<group>"; };
/* End PBXFileReference section */

/* Begin PBXFrameworksBuildPhase section */
		8C2206E4249E4E950069EC0B /* Frameworks */ = {
			isa = PBXFrameworksBuildPhase;
			buildActionMask = 2147483647;
			files = (
			);
			runOnlyForDeploymentPostprocessing = 0;
		};
/* End PBXFrameworksBuildPhase section */

/* Begin PBXGroup section */
		8C2206DE249E4E950069EC0B = {
			isa = PBXGroup;
			children = (
				8C2206E9249E4E950069EC0B /* FirstParsingJsonApp */,
				8C2206E8249E4E950069EC0B /* Products */,
			);
			sourceTree = "<group>";
		};
		8C2206E8249E4E950069EC0B /* Products */ = {
			isa = PBXGroup;
			children = (
				8C2206E7249E4E950069EC0B /* FirstParsingJsonApp.app */,
			);
			name = Products;
			sourceTree = "<group>";
		};
		8C2206E9249E4E950069EC0B /* FirstParsingJsonApp */ = {
			isa = PBXGroup;
			children = (
				8C9E5726249ED87F00B37AA9 /* ViewControllers */,
				8C2206FF249E4EE40069EC0B /* Models */,
				8C220700249E4EF80069EC0B /* Storyboards */,
				8C220701249E4F0D0069EC0B /* Sourse */,
				8C220702249E4F1F0069EC0B /* SupportingFiles */,
			);
			path = FirstParsingJsonApp;
			sourceTree = "<group>";
		};
		8C2206FF249E4EE40069EC0B /* Models */ = {
			isa = PBXGroup;
			children = (
				8C22070B249EAEBC0069EC0B /* Character.swift */,
				8C22070D249EB4C90069EC0B /* Characters.swift */,
				8C321990249F58E4006065E1 /* Planets.swift */,
				8C321992249F58F7006065E1 /* Planet.swift */,
			);
			path = Models;
			sourceTree = "<group>";
		};
		8C220700249E4EF80069EC0B /* Storyboards */ = {
			isa = PBXGroup;
			children = (
				8C2206F0249E4E950069EC0B /* Main.storyboard */,
				8C2206F5249E4E990069EC0B /* LaunchScreen.storyboard */,
			);
			path = Storyboards;
			sourceTree = "<group>";
		};
		8C220701249E4F0D0069EC0B /* Sourse */ = {
			isa = PBXGroup;
			children = (
				8C2206F3249E4E990069EC0B /* Assets.xcassets */,
			);
			path = Sourse;
			sourceTree = "<group>";
		};
		8C220702249E4F1F0069EC0B /* SupportingFiles */ = {
			isa = PBXGroup;
			children = (
				8C2206EA249E4E950069EC0B /* AppDelegate.swift */,
				8C2206EC249E4E950069EC0B /* SceneDelegate.swift */,
				8C2206F8249E4E990069EC0B /* Info.plist */,
			);
			path = SupportingFiles;
			sourceTree = "<group>";
		};
		8C9E5726249ED87F00B37AA9 /* ViewControllers */ = {
			isa = PBXGroup;
			children = (
				8C220703249E7E1B0069EC0B /* CharactersTableViewController.swift */,
				8C220705249E7E500069EC0B /* PlanetsTableViewController.swift */,
				8C220707249E92760069EC0B /* CharacterViewController.swift */,
				8C220709249E92890069EC0B /* PlanetViewController.swift */,
				8C321994249F5DA8006065E1 /* LocationsTableViewController.swift */,
				8C321996249F5DCC006065E1 /* LocationViewController.swift */,
			);
			path = ViewControllers;
			sourceTree = "<group>";
		};
/* End PBXGroup section */

/* Begin PBXNativeTarget section */
		8C2206E6249E4E950069EC0B /* FirstParsingJsonApp */ = {
			isa = PBXNativeTarget;
			buildConfigurationList = 8C2206FB249E4E990069EC0B /* Build configuration list for PBXNativeTarget "FirstParsingJsonApp" */;
			buildPhases = (
				8C2206E3249E4E950069EC0B /* Sources */,
				8C2206E4249E4E950069EC0B /* Frameworks */,
				8C2206E5249E4E950069EC0B /* Resources */,
			);
			buildRules = (
			);
			dependencies = (
			);
			name = FirstParsingJsonApp;
			productName = FirstParsingJsonApp;
			productReference = 8C2206E7249E4E950069EC0B /* FirstParsingJsonApp.app */;
			productType = "com.apple.product-type.application";
		};
/* End PBXNativeTarget section */

/* Begin PBXProject section */
		8C2206DF249E4E950069EC0B /* Project object */ = {
			isa = PBXProject;
			attributes = {
				LastSwiftUpdateCheck = 1150;
				LastUpgradeCheck = 1150;
				ORGANIZATIONNAME = "Irina Kuznetsova";
				TargetAttributes = {
					8C2206E6249E4E950069EC0B = {
						CreatedOnToolsVersion = 11.5;
					};
				};
			};
			buildConfigurationList = 8C2206E2249E4E950069EC0B /* Build configuration list for PBXProject "FirstParsingJsonApp" */;
			compatibilityVersion = "Xcode 9.3";
			developmentRegion = en;
			hasScannedForEncodings = 0;
			knownRegions = (
				en,
				Base,
			);
			mainGroup = 8C2206DE249E4E950069EC0B;
			productRefGroup = 8C2206E8249E4E950069EC0B /* Products */;
			projectDirPath = "";
			projectRoot = "";
			targets = (
				8C2206E6249E4E950069EC0B /* FirstParsingJsonApp */,
			);
		};
/* End PBXProject section */

/* Begin PBXResourcesBuildPhase section */
		8C2206E5249E4E950069EC0B /* Resources */ = {
			isa = PBXResourcesBuildPhase;
			buildActionMask = 2147483647;
			files = (
				8C2206F7249E4E990069EC0B /* LaunchScreen.storyboard in Resources */,
				8C2206F4249E4E990069EC0B /* Assets.xcassets in Resources */,
				8C2206F2249E4E950069EC0B /* Main.storyboard in Resources */,
			);
			runOnlyForDeploymentPostprocessing = 0;
		};
/* End PBXResourcesBuildPhase section */

/* Begin PBXSourcesBuildPhase section */
		8C2206E3249E4E950069EC0B /* Sources */ = {
			isa = PBXSourcesBuildPhase;
			buildActionMask = 2147483647;
			files = (
				8C321995249F5DA8006065E1 /* LocationsTableViewController.swift in Sources */,
				8C220708249E92760069EC0B /* CharacterViewController.swift in Sources */,
				8C22070A249E92890069EC0B /* PlanetViewController.swift in Sources */,
				8C321997249F5DCC006065E1 /* LocationViewController.swift in Sources */,
				8C220704249E7E1B0069EC0B /* CharactersTableViewController.swift in Sources */,
				8C22070E249EB4C90069EC0B /* Characters.swift in Sources */,
				8C2206EB249E4E950069EC0B /* AppDelegate.swift in Sources */,
				8C2206ED249E4E950069EC0B /* SceneDelegate.swift in Sources */,
				8C220706249E7E500069EC0B /* PlanetsTableViewController.swift in Sources */,
				8C22070C249EAEBC0069EC0B /* Character.swift in Sources */,
				8C321991249F58E4006065E1 /* Planets.swift in Sources */,
				8C321993249F58F7006065E1 /* Planet.swift in Sources */,
			);
			runOnlyForDeploymentPostprocessing = 0;
		};
/* End PBXSourcesBuildPhase section */

/* Begin PBXVariantGroup section */
		8C2206F0249E4E950069EC0B /* Main.storyboard */ = {
			isa = PBXVariantGroup;
			children = (
				8C2206F1249E4E950069EC0B /* Base */,
			);
			name = Main.storyboard;
			sourceTree = "<group>";
		};
		8C2206F5249E4E990069EC0B /* LaunchScreen.storyboard */ = {
			isa = PBXVariantGroup;
			children = (
				8C2206F6249E4E990069EC0B /* Base */,
			);
			name = LaunchScreen.storyboard;
			sourceTree = "<group>";
		};
/* End PBXVariantGroup section */

/* Begin XCBuildConfiguration section */
		8C2206F9249E4E990069EC0B /* Debug */ = {
			isa = XCBuildConfiguration;
			buildSettings = {
				ALWAYS_SEARCH_USER_PATHS = NO;
				CLANG_ANALYZER_NONNULL = YES;
				CLANG_ANALYZER_NUMBER_OBJECT_CONVERSION = YES_AGGRESSIVE;
				CLANG_CXX_LANGUAGE_STANDARD = "gnu++14";
				CLANG_CXX_LIBRARY = "libc++";
				CLANG_ENABLE_MODULES = YES;
				CLANG_ENABLE_OBJC_ARC = YES;
				CLANG_ENABLE_OBJC_WEAK = YES;
				CLANG_WARN_BLOCK_CAPTURE_AUTORELEASING = YES;
				CLANG_WARN_BOOL_CONVERSION = YES;
				CLANG_WARN_COMMA = YES;
				CLANG_WARN_CONSTANT_CONVERSION = YES;
				CLANG_WARN_DEPRECATED_OBJC_IMPLEMENTATIONS = YES;
				CLANG_WARN_DIRECT_OBJC_ISA_USAGE = YES_ERROR;
				CLANG_WARN_DOCUMENTATION_COMMENTS = YES;
				CLANG_WARN_EMPTY_BODY = YES;
				CLANG_WARN_ENUM_CONVERSION = YES;
				CLANG_WARN_INFINITE_RECURSION = YES;
				CLANG_WARN_INT_CONVERSION = YES;
				CLANG_WARN_NON_LITERAL_NULL_CONVERSION = YES;
				CLANG_WARN_OBJC_IMPLICIT_RETAIN_SELF = YES;
				CLANG_WARN_OBJC_LITERAL_CONVERSION = YES;
				CLANG_WARN_OBJC_ROOT_CLASS = YES_ERROR;
				CLANG_WARN_RANGE_LOOP_ANALYSIS = YES;
				CLANG_WARN_STRICT_PROTOTYPES = YES;
				CLANG_WARN_SUSPICIOUS_MOVE = YES;
				CLANG_WARN_UNGUARDED_AVAILABILITY = YES_AGGRESSIVE;
				CLANG_WARN_UNREACHABLE_CODE = YES;
				CLANG_WARN__DUPLICATE_METHOD_MATCH = YES;
				COPY_PHASE_STRIP = NO;
				DEBUG_INFORMATION_FORMAT = dwarf;
				ENABLE_STRICT_OBJC_MSGSEND = YES;
				ENABLE_TESTABILITY = YES;
				GCC_C_LANGUAGE_STANDARD = gnu11;
				GCC_DYNAMIC_NO_PIC = NO;
				GCC_NO_COMMON_BLOCKS = YES;
				GCC_OPTIMIZATION_LEVEL = 0;
				GCC_PREPROCESSOR_DEFINITIONS = (
					"DEBUG=1",
					"$(inherited)",
				);
				GCC_WARN_64_TO_32_BIT_CONVERSION = YES;
				GCC_WARN_ABOUT_RETURN_TYPE = YES_ERROR;
				GCC_WARN_UNDECLARED_SELECTOR = YES;
				GCC_WARN_UNINITIALIZED_AUTOS = YES_AGGRESSIVE;
				GCC_WARN_UNUSED_FUNCTION = YES;
				GCC_WARN_UNUSED_VARIABLE = YES;
				IPHONEOS_DEPLOYMENT_TARGET = 13.5;
				MTL_ENABLE_DEBUG_INFO = INCLUDE_SOURCE;
				MTL_FAST_MATH = YES;
				ONLY_ACTIVE_ARCH = YES;
				SDKROOT = iphoneos;
				SWIFT_ACTIVE_COMPILATION_CONDITIONS = DEBUG;
				SWIFT_OPTIMIZATION_LEVEL = "-Onone";
			};
			name = Debug;
		};
		8C2206FA249E4E990069EC0B /* Release */ = {
			isa = XCBuildConfiguration;
			buildSettings = {
				ALWAYS_SEARCH_USER_PATHS = NO;
				CLANG_ANALYZER_NONNULL = YES;
				CLANG_ANALYZER_NUMBER_OBJECT_CONVERSION = YES_AGGRESSIVE;
				CLANG_CXX_LANGUAGE_STANDARD = "gnu++14";
				CLANG_CXX_LIBRARY = "libc++";
				CLANG_ENABLE_MODULES = YES;
				CLANG_ENABLE_OBJC_ARC = YES;
				CLANG_ENABLE_OBJC_WEAK = YES;
				CLANG_WARN_BLOCK_CAPTURE_AUTORELEASING = YES;
				CLANG_WARN_BOOL_CONVERSION = YES;
				CLANG_WARN_COMMA = YES;
				CLANG_WARN_CONSTANT_CONVERSION = YES;
				CLANG_WARN_DEPRECATED_OBJC_IMPLEMENTATIONS = YES;
				CLANG_WARN_DIRECT_OBJC_ISA_USAGE = YES_ERROR;
				CLANG_WARN_DOCUMENTATION_COMMENTS = YES;
				CLANG_WARN_EMPTY_BODY = YES;
				CLANG_WARN_ENUM_CONVERSION = YES;
				CLANG_WARN_INFINITE_RECURSION = YES;
				CLANG_WARN_INT_CONVERSION = YES;
				CLANG_WARN_NON_LITERAL_NULL_CONVERSION = YES;
				CLANG_WARN_OBJC_IMPLICIT_RETAIN_SELF = YES;
				CLANG_WARN_OBJC_LITERAL_CONVERSION = YES;
				CLANG_WARN_OBJC_ROOT_CLASS = YES_ERROR;
				CLANG_WARN_RANGE_LOOP_ANALYSIS = YES;
				CLANG_WARN_STRICT_PROTOTYPES = YES;
				CLANG_WARN_SUSPICIOUS_MOVE = YES;
				CLANG_WARN_UNGUARDED_AVAILABILITY = YES_AGGRESSIVE;
				CLANG_WARN_UNREACHABLE_CODE = YES;
				CLANG_WARN__DUPLICATE_METHOD_MATCH = YES;
				COPY_PHASE_STRIP = NO;
				DEBUG_INFORMATION_FORMAT = "dwarf-with-dsym";
				ENABLE_NS_ASSERTIONS = NO;
				ENABLE_STRICT_OBJC_MSGSEND = YES;
				GCC_C_LANGUAGE_STANDARD = gnu11;
				GCC_NO_COMMON_BLOCKS = YES;
				GCC_WARN_64_TO_32_BIT_CONVERSION = YES;
				GCC_WARN_ABOUT_RETURN_TYPE = YES_ERROR;
				GCC_WARN_UNDECLARED_SELECTOR = YES;
				GCC_WARN_UNINITIALIZED_AUTOS = YES_AGGRESSIVE;
				GCC_WARN_UNUSED_FUNCTION = YES;
				GCC_WARN_UNUSED_VARIABLE = YES;
				IPHONEOS_DEPLOYMENT_TARGET = 13.5;
				MTL_ENABLE_DEBUG_INFO = NO;
				MTL_FAST_MATH = YES;
				SDKROOT = iphoneos;
				SWIFT_COMPILATION_MODE = wholemodule;
				SWIFT_OPTIMIZATION_LEVEL = "-O";
				VALIDATE_PRODUCT = YES;
			};
			name = Release;
		};
		8C2206FC249E4E990069EC0B /* Debug */ = {
			isa = XCBuildConfiguration;
			buildSettings = {
				ASSETCATALOG_COMPILER_APPICON_NAME = AppIcon;
				CODE_SIGN_STYLE = Automatic;
				DEVELOPMENT_TEAM = G39AAW7HHA;
				INFOPLIST_FILE = FirstParsingJsonApp/SupportingFiles/Info.plist;
				IPHONEOS_DEPLOYMENT_TARGET = 13.0;
				LD_RUNPATH_SEARCH_PATHS = (
					"$(inherited)",
					"@executable_path/Frameworks",
				);
				PRODUCT_BUNDLE_IDENTIFIER = ru.first.FirstParsingJsonApp;
				PRODUCT_NAME = "$(TARGET_NAME)";
				SWIFT_VERSION = 5.0;
				TARGETED_DEVICE_FAMILY = 1;
			};
			name = Debug;
		};
		8C2206FD249E4E990069EC0B /* Release */ = {
			isa = XCBuildConfiguration;
			buildSettings = {
				ASSETCATALOG_COMPILER_APPICON_NAME = AppIcon;
				CODE_SIGN_STYLE = Automatic;
				DEVELOPMENT_TEAM = G39AAW7HHA;
				INFOPLIST_FILE = FirstParsingJsonApp/SupportingFiles/Info.plist;
				IPHONEOS_DEPLOYMENT_TARGET = 13.0;
				LD_RUNPATH_SEARCH_PATHS = (
					"$(inherited)",
					"@executable_path/Frameworks",
				);
				PRODUCT_BUNDLE_IDENTIFIER = ru.first.FirstParsingJsonApp;
				PRODUCT_NAME = "$(TARGET_NAME)";
				SWIFT_VERSION = 5.0;
				TARGETED_DEVICE_FAMILY = 1;
			};
			name = Release;
		};
/* End XCBuildConfiguration section */

/* Begin XCConfigurationList section */
		8C2206E2249E4E950069EC0B /* Build configuration list for PBXProject "FirstParsingJsonApp" */ = {
			isa = XCConfigurationList;
			buildConfigurations = (
				8C2206F9249E4E990069EC0B /* Debug */,
				8C2206FA249E4E990069EC0B /* Release */,
			);
			defaultConfigurationIsVisible = 0;
			defaultConfigurationName = Release;
		};
		8C2206FB249E4E990069EC0B /* Build configuration list for PBXNativeTarget "FirstParsingJsonApp" */ = {
			isa = XCConfigurationList;
			buildConfigurations = (
				8C2206FC249E4E990069EC0B /* Debug */,
				8C2206FD249E4E990069EC0B /* Release */,
			);
			defaultConfigurationIsVisible = 0;
			defaultConfigurationName = Release;
		};
/* End XCConfigurationList section */
	};
	rootObject = 8C2206DF249E4E950069EC0B /* Project object */;
}
